// !$*UTF8*$!
{
	archiveVersion = 1;
	classes = {
	};
	objectVersion = 46;
	objects = {

/* Begin PBXBuildFile section */
		F3D22E9A19B776E100421516 /* Foundation.framework in Frameworks */ = {isa = PBXBuildFile; fileRef = F3D22E9919B776E100421516 /* Foundation.framework */; };
		F3D22E9C19B776E100421516 /* CoreGraphics.framework in Frameworks */ = {isa = PBXBuildFile; fileRef = F3D22E9B19B776E100421516 /* CoreGraphics.framework */; };
		F3D22E9E19B776E100421516 /* UIKit.framework in Frameworks */ = {isa = PBXBuildFile; fileRef = F3D22E9D19B776E100421516 /* UIKit.framework */; };
		F3D22EA419B776E100421516 /* InfoPlist.strings in Resources */ = {isa = PBXBuildFile; fileRef = F3D22EA219B776E100421516 /* InfoPlist.strings */; };
		F3D22EA619B776E100421516 /* main.m in Sources */ = {isa = PBXBuildFile; fileRef = F3D22EA519B776E100421516 /* main.m */; };
		F3D22EAA19B776E100421516 /* TCAppDelegate.m in Sources */ = {isa = PBXBuildFile; fileRef = F3D22EA919B776E100421516 /* TCAppDelegate.m */; };
		F3D22EAD19B776E100421516 /* Main.storyboard in Resources */ = {isa = PBXBuildFile; fileRef = F3D22EAB19B776E100421516 /* Main.storyboard */; };
		F3D22EB019B776E100421516 /* TCViewController.m in Sources */ = {isa = PBXBuildFile; fileRef = F3D22EAF19B776E100421516 /* TCViewController.m */; };
		F3D22EB219B776E100421516 /* Images.xcassets in Resources */ = {isa = PBXBuildFile; fileRef = F3D22EB119B776E100421516 /* Images.xcassets */; };
		F3D22EB919B776E100421516 /* XCTest.framework in Frameworks */ = {isa = PBXBuildFile; fileRef = F3D22EB819B776E100421516 /* XCTest.framework */; };
		F3D22EBA19B776E100421516 /* Foundation.framework in Frameworks */ = {isa = PBXBuildFile; fileRef = F3D22E9919B776E100421516 /* Foundation.framework */; };
		F3D22EBB19B776E100421516 /* UIKit.framework in Frameworks */ = {isa = PBXBuildFile; fileRef = F3D22E9D19B776E100421516 /* UIKit.framework */; };
		F3D22EC319B776E100421516 /* InfoPlist.strings in Resources */ = {isa = PBXBuildFile; fileRef = F3D22EC119B776E100421516 /* InfoPlist.strings */; };
		F3D22EC519B776E100421516 /* UITableViewControllerChalengeSolutionTests.m in Sources */ = {isa = PBXBuildFile; fileRef = F3D22EC419B776E100421516 /* UITableViewControllerChalengeSolutionTests.m */; };
/* End PBXBuildFile section */

/* Begin PBXContainerItemProxy section */
		F3D22EBC19B776E100421516 /* PBXContainerItemProxy */ = {
			isa = PBXContainerItemProxy;
			containerPortal = F3D22E8E19B776E100421516 /* Project object */;
			proxyType = 1;
			remoteGlobalIDString = F3D22E9519B776E100421516;
			remoteInfo = UITableViewControllerChalengeSolution;
		};
/* End PBXContainerItemProxy section */

/* Begin PBXFileReference section */
		F3D22E9619B776E100421516 /* UITableViewControllerChalengeSolution.app */ = {isa = PBXFileReference; explicitFileType = wrapper.application; includeInIndex = 0; path = UITableViewControllerChalengeSolution.app; sourceTree = BUILT_PRODUCTS_DIR; };
		F3D22E9919B776E100421516 /* Foundation.framework */ = {isa = PBXFileReference; lastKnownFileType = wrapper.framework; name = Foundation.framework; path = System/Library/Frameworks/Foundation.framework; sourceTree = SDKROOT; };
		F3D22E9B19B776E100421516 /* CoreGraphics.framework */ = {isa = PBXFileReference; lastKnownFileType = wrapper.framework; name = CoreGraphics.framework; path = System/Library/Frameworks/CoreGraphics.framework; sourceTree = SDKROOT; };
		F3D22E9D19B776E100421516 /* UIKit.framework */ = {isa = PBXFileReference; lastKnownFileType = wrapper.framework; name = UIKit.framework; path = System/Library/Frameworks/UIKit.framework; sourceTree = SDKROOT; };
		F3D22EA119B776E100421516 /* UITableViewControllerChalengeSolution-Info.plist */ = {isa = PBXFileReference; lastKnownFileType = text.plist.xml; path = "UITableViewControllerChalengeSolution-Info.plist"; sourceTree = "<group>"; };
		F3D22EA319B776E100421516 /* en */ = {isa = PBXFileReference; lastKnownFileType = text.plist.strings; name = en; path = en.lproj/InfoPlist.strings; sourceTree = "<group>"; };
		F3D22EA519B776E100421516 /* main.m */ = {isa = PBXFileReference; lastKnownFileType = sourcecode.c.objc; path = main.m; sourceTree = "<group>"; };
		F3D22EA719B776E100421516 /* UITableViewControllerChalengeSolution-Prefix.pch */ = {isa = PBXFileReference; lastKnownFileType = sourcecode.c.h; path = "UITableViewControllerChalengeSolution-Prefix.pch"; sourceTree = "<group>"; };
		F3D22EA819B776E100421516 /* TCAppDelegate.h */ = {isa = PBXFileReference; lastKnownFileType = sourcecode.c.h; path = TCAppDelegate.h; sourceTree = "<group>"; };
		F3D22EA919B776E100421516 /* TCAppDelegate.m */ = {isa = PBXFileReference; lastKnownFileType = sourcecode.c.objc; path = TCAppDelegate.m; sourceTree = "<group>"; };
		F3D22EAC19B776E100421516 /* Base */ = {isa = PBXFileReference; lastKnownFileType = file.storyboard; name = Base; path = Base.lproj/Main.storyboard; sourceTree = "<group>"; };
		F3D22EAE19B776E100421516 /* TCViewController.h */ = {isa = PBXFileReference; lastKnownFileType = sourcecode.c.h; path = TCViewController.h; sourceTree = "<group>"; };
		F3D22EAF19B776E100421516 /* TCViewController.m */ = {isa = PBXFileReference; lastKnownFileType = sourcecode.c.objc; path = TCViewController.m; sourceTree = "<group>"; };
		F3D22EB119B776E100421516 /* Images.xcassets */ = {isa = PBXFileReference; lastKnownFileType = folder.assetcatalog; path = Images.xcassets; sourceTree = "<group>"; };
		F3D22EB719B776E100421516 /* UITableViewControllerChalengeSolutionTests.xctest */ = {isa = PBXFileReference; explicitFileType = wrapper.cfbundle; includeInIndex = 0; path = UITableViewControllerChalengeSolutionTests.xctest; sourceTree = BUILT_PRODUCTS_DIR; };
		F3D22EB819B776E100421516 /* XCTest.framework */ = {isa = PBXFileReference; lastKnownFileType = wrapper.framework; name = XCTest.framework; path = Library/Frameworks/XCTest.framework; sourceTree = DEVELOPER_DIR; };
		F3D22EC019B776E100421516 /* UITableViewControllerChalengeSolutionTests-Info.plist */ = {isa = PBXFileReference; lastKnownFileType = text.plist.xml; path = "UITableViewControllerChalengeSolutionTests-Info.plist"; sourceTree = "<group>"; };
		F3D22EC219B776E100421516 /* en */ = {isa = PBXFileReference; lastKnownFileType = text.plist.strings; name = en; path = en.lproj/InfoPlist.strings; sourceTree = "<group>"; };
		F3D22EC419B776E100421516 /* UITableViewControllerChalengeSolutionTests.m */ = {isa = PBXFileReference; lastKnownFileType = sourcecode.c.objc; path = UITableViewControllerChalengeSolutionTests.m; sourceTree = "<group>"; };
/* End PBXFileReference section */

/* Begin PBXFrameworksBuildPhase section */
		F3D22E9319B776E100421516 /* Frameworks */ = {
			isa = PBXFrameworksBuildPhase;
			buildActionMask = 2147483647;
			files = (
				F3D22E9C19B776E100421516 /* CoreGraphics.framework in Frameworks */,
				F3D22E9E19B776E100421516 /* UIKit.framework in Frameworks */,
				F3D22E9A19B776E100421516 /* Foundation.framework in Frameworks */,
			);
			runOnlyForDeploymentPostprocessing = 0;
		};
		F3D22EB419B776E100421516 /* Frameworks */ = {
			isa = PBXFrameworksBuildPhase;
			buildActionMask = 2147483647;
			files = (
				F3D22EB919B776E100421516 /* XCTest.framework in Frameworks */,
				F3D22EBB19B776E100421516 /* UIKit.framework in Frameworks */,
				F3D22EBA19B776E100421516 /* Foundation.framework in Frameworks */,
			);
			runOnlyForDeploymentPostprocessing = 0;
		};
/* End PBXFrameworksBuildPhase section */

/* Begin PBXGroup section */
		F3D22E8D19B776E100421516 = {
			isa = PBXGroup;
			children = (
				F3D22E9F19B776E100421516 /* UITableViewControllerChalengeSolution */,
				F3D22EBE19B776E100421516 /* UITableViewControllerChalengeSolutionTests */,
				F3D22E9819B776E100421516 /* Frameworks */,
				F3D22E9719B776E100421516 /* Products */,
			);
			sourceTree = "<group>";
		};
		F3D22E9719B776E100421516 /* Products */ = {
			isa = PBXGroup;
			children = (
				F3D22E9619B776E100421516 /* UITableViewControllerChalengeSolution.app */,
				F3D22EB719B776E100421516 /* UITableViewControllerChalengeSolutionTests.xctest */,
			);
			name = Products;
			sourceTree = "<group>";
		};
		F3D22E9819B776E100421516 /* Frameworks */ = {
			isa = PBXGroup;
			children = (
				F3D22E9919B776E100421516 /* Foundation.framework */,
				F3D22E9B19B776E100421516 /* CoreGraphics.framework */,
				F3D22E9D19B776E100421516 /* UIKit.framework */,
				F3D22EB819B776E100421516 /* XCTest.framework */,
			);
			name = Frameworks;
			sourceTree = "<group>";
		};
		F3D22E9F19B776E100421516 /* UITableViewControllerChalengeSolution */ = {
			isa = PBXGroup;
			children = (
				F3D22EA819B776E100421516 /* TCAppDelegate.h */,
				F3D22EA919B776E100421516 /* TCAppDelegate.m */,
				F3D22EAB19B776E100421516 /* Main.storyboard */,
				F3D22EAE19B776E100421516 /* TCViewController.h */,
				F3D22EAF19B776E100421516 /* TCViewController.m */,
				F3D22EB119B776E100421516 /* Images.xcassets */,
				F3D22EA019B776E100421516 /* Supporting Files */,
			);
			path = UITableViewControllerChalengeSolution;
			sourceTree = "<group>";
		};
		F3D22EA019B776E100421516 /* Supporting Files */ = {
			isa = PBXGroup;
			children = (
				F3D22EA119B776E100421516 /* UITableViewControllerChalengeSolution-Info.plist */,
				F3D22EA219B776E100421516 /* InfoPlist.strings */,
				F3D22EA519B776E100421516 /* main.m */,
				F3D22EA719B776E100421516 /* UITableViewControllerChalengeSolution-Prefix.pch */,
			);
			name = "Supporting Files";
			sourceTree = "<group>";
		};
		F3D22EBE19B776E100421516 /* UITableViewControllerChalengeSolutionTests */ = {
			isa = PBXGroup;
			children = (
				F3D22EC419B776E100421516 /* UITableViewControllerChalengeSolutionTests.m */,
				F3D22EBF19B776E100421516 /* Supporting Files */,
			);
			path = UITableViewControllerChalengeSolutionTests;
			sourceTree = "<group>";
		};
		F3D22EBF19B776E100421516 /* Supporting Files */ = {
			isa = PBXGroup;
			children = (
				F3D22EC019B776E100421516 /* UITableViewControllerChalengeSolutionTests-Info.plist */,
				F3D22EC119B776E100421516 /* InfoPlist.strings */,
			);
			name = "Supporting Files";
			sourceTree = "<group>";
		};
/* End PBXGroup section */

/* Begin PBXNativeTarget section */
		F3D22E9519B776E100421516 /* UITableViewControllerChalengeSolution */ = {
			isa = PBXNativeTarget;
			buildConfigurationList = F3D22EC819B776E100421516 /* Build configuration list for PBXNativeTarget "UITableViewControllerChalengeSolution" */;
			buildPhases = (
				F3D22E9219B776E100421516 /* Sources */,
				F3D22E9319B776E100421516 /* Frameworks */,
				F3D22E9419B776E100421516 /* Resources */,
			);
			buildRules = (
			);
			dependencies = (
			);
			name = UITableViewControllerChalengeSolution;
			productName = UITableViewControllerChalengeSolution;
			productReference = F3D22E9619B776E100421516 /* UITableViewControllerChalengeSolution.app */;
			productType = "com.apple.product-type.application";
		};
		F3D22EB619B776E100421516 /* UITableViewControllerChalengeSolutionTests */ = {
			isa = PBXNativeTarget;
			buildConfigurationList = F3D22ECB19B776E100421516 /* Build configuration list for PBXNativeTarget "UITableViewControllerChalengeSolutionTests" */;
			buildPhases = (
				F3D22EB319B776E100421516 /* Sources */,
				F3D22EB419B776E100421516 /* Frameworks */,
				F3D22EB519B776E100421516 /* Resources */,
			);
			buildRules = (
			);
			dependencies = (
				F3D22EBD19B776E100421516 /* PBXTargetDependency */,
			);
			name = UITableViewControllerChalengeSolutionTests;
			productName = UITableViewControllerChalengeSolutionTests;
			productReference = F3D22EB719B776E100421516 /* UITableViewControllerChalengeSolutionTests.xctest */;
			productType = "com.apple.product-type.bundle.unit-test";
		};
/* End PBXNativeTarget section */

/* Begin PBXProject section */
		F3D22E8E19B776E100421516 /* Project object */ = {
			isa = PBXProject;
			attributes = {
				CLASSPREFIX = TC;
				LastUpgradeCheck = 0510;
				ORGANIZATIONNAME = "Tarik Capar";
				TargetAttributes = {
					F3D22EB619B776E100421516 = {
						TestTargetID = F3D22E9519B776E100421516;
					};
				};
			};
			buildConfigurationList = F3D22E9119B776E100421516 /* Build configuration list for PBXProject "UITableViewControllerChalengeSolution" */;
			compatibilityVersion = "Xcode 3.2";
			developmentRegion = English;
			hasScannedForEncodings = 0;
			knownRegions = (
				en,
				Base,
			);
			mainGroup = F3D22E8D19B776E100421516;
			productRefGroup = F3D22E9719B776E100421516 /* Products */;
			projectDirPath = "";
			projectRoot = "";
			targets = (
				F3D22E9519B776E100421516 /* UITableViewControllerChalengeSolution */,
				F3D22EB619B776E100421516 /* UITableViewControllerChalengeSolutionTests */,
			);
		};
/* End PBXProject section */

/* Begin PBXResourcesBuildPhase section */
		F3D22E9419B776E100421516 /* Resources */ = {
			isa = PBXResourcesBuildPhase;
			buildActionMask = 2147483647;
			files = (
				F3D22EB219B776E100421516 /* Images.xcassets in Resources */,
				F3D22EA419B776E100421516 /* InfoPlist.strings in Resources */,
				F3D22EAD19B776E100421516 /* Main.storyboard in Resources */,
			);
			runOnlyForDeploymentPostprocessing = 0;
		};
		F3D22EB519B776E100421516 /* Resources */ = {
			isa = PBXResourcesBuildPhase;
			buildActionMask = 2147483647;
			files = (
				F3D22EC319B776E100421516 /* InfoPlist.strings in Resources */,
			);
			runOnlyForDeploymentPostprocessing = 0;
		};
/* End PBXResourcesBuildPhase section */

/* Begin PBXSourcesBuildPhase section */
		F3D22E9219B776E100421516 /* Sources */ = {
			isa = PBXSourcesBuildPhase;
			buildActionMask = 2147483647;
			files = (
				F3D22EB019B776E100421516 /* TCViewController.m in Sources */,
				F3D22EA619B776E100421516 /* main.m in Sources */,
				F3D22EAA19B776E100421516 /* TCAppDelegate.m in Sources */,
			);
			runOnlyForDeploymentPostprocessing = 0;
		};
		F3D22EB319B776E100421516 /* Sources */ = {
			isa = PBXSourcesBuildPhase;
			buildActionMask = 2147483647;
			files = (
				F3D22EC519B776E100421516 /* UITableViewControllerChalengeSolutionTests.m in Sources */,
			);
			runOnlyForDeploymentPostprocessing = 0;
		};
/* End PBXSourcesBuildPhase section */

/* Begin PBXTargetDependency section */
		F3D22EBD19B776E100421516 /* PBXTargetDependency */ = {
			isa = PBXTargetDependency;
			target = F3D22E9519B776E100421516 /* UITableViewControllerChalengeSolution */;
			targetProxy = F3D22EBC19B776E100421516 /* PBXContainerItemProxy */;
		};
/* End PBXTargetDependency section */

/* Begin PBXVariantGroup section */
		F3D22EA219B776E100421516 /* InfoPlist.strings */ = {
			isa = PBXVariantGroup;
			children = (
				F3D22EA319B776E100421516 /* en */,
			);
			name = InfoPlist.strings;
			sourceTree = "<group>";
		};
		F3D22EAB19B776E100421516 /* Main.storyboard */ = {
			isa = PBXVariantGroup;
			children = (
				F3D22EAC19B776E100421516 /* Base */,
			);
			name = Main.storyboard;
			sourceTree = "<group>";
		};
		F3D22EC119B776E100421516 /* InfoPlist.strings */ = {
			isa = PBXVariantGroup;
			children = (
				F3D22EC219B776E100421516 /* en */,
			);
			name = InfoPlist.strings;
			sourceTree = "<group>";
		};
/* End PBXVariantGroup section */

/* Begin XCBuildConfiguration section */
		F3D22EC619B776E100421516 /* Debug */ = {
			isa = XCBuildConfiguration;
			buildSettings = {
				ALWAYS_SEARCH_USER_PATHS = NO;
				CLANG_CXX_LANGUAGE_STANDARD = "gnu++0x";
				CLANG_CXX_LIBRARY = "libc++";
				CLANG_ENABLE_MODULES = YES;
				CLANG_ENABLE_OBJC_ARC = YES;
				CLANG_WARN_BOOL_CONVERSION = YES;
				CLANG_WARN_CONSTANT_CONVERSION = YES;
				CLANG_WARN_DIRECT_OBJC_ISA_USAGE = YES_ERROR;
				CLANG_WARN_EMPTY_BODY = YES;
				CLANG_WARN_ENUM_CONVERSION = YES;
				CLANG_WARN_INT_CONVERSION = YES;
				CLANG_WARN_OBJC_ROOT_CLASS = YES_ERROR;
				CLANG_WARN__DUPLICATE_METHOD_MATCH = YES;
				"CODE_SIGN_IDENTITY[sdk=iphoneos*]" = "iPhone Developer";
				COPY_PHASE_STRIP = NO;
				GCC_C_LANGUAGE_STANDARD = gnu99;
				GCC_DYNAMIC_NO_PIC = NO;
				GCC_OPTIMIZATION_LEVEL = 0;
				GCC_PREPROCESSOR_DEFINITIONS = (
					"DEBUG=1",
					"$(inherited)",
				);
				GCC_SYMBOLS_PRIVATE_EXTERN = NO;
				GCC_WARN_64_TO_32_BIT_CONVERSION = YES;
				GCC_WARN_ABOUT_RETURN_TYPE = YES_ERROR;
				GCC_WARN_UNDECLARED_SELECTOR = YES;
				GCC_WARN_UNINITIALIZED_AUTOS = YES_AGGRESSIVE;
				GCC_WARN_UNUSED_FUNCTION = YES;
				GCC_WARN_UNUSED_VARIABLE = YES;
				IPHONEOS_DEPLOYMENT_TARGET = 7.1;
				ONLY_ACTIVE_ARCH = YES;
				SDKROOT = iphoneos;
			};
			name = Debug;
		};
		F3D22EC719B776E100421516 /* Release */ = {
			isa = XCBuildConfiguration;
			buildSettings = {
				ALWAYS_SEARCH_USER_PATHS = NO;
				CLANG_CXX_LANGUAGE_STANDARD = "gnu++0x";
				CLANG_CXX_LIBRARY = "libc++";
				CLANG_ENABLE_MODULES = YES;
				CLANG_ENABLE_OBJC_ARC = YES;
				CLANG_WARN_BOOL_CONVERSION = YES;
				CLANG_WARN_CONSTANT_CONVERSION = YES;
				CLANG_WARN_DIRECT_OBJC_ISA_USAGE = YES_ERROR;
				CLANG_WARN_EMPTY_BODY = YES;
				CLANG_WARN_ENUM_CONVERSION = YES;
				CLANG_WARN_INT_CONVERSION = YES;
				CLANG_WARN_OBJC_ROOT_CLASS = YES_ERROR;
				CLANG_WARN__DUPLICATE_METHOD_MATCH = YES;
				"CODE_SIGN_IDENTITY[sdk=iphoneos*]" = "iPhone Developer";
				COPY_PHASE_STRIP = YES;
				ENABLE_NS_ASSERTIONS = NO;
				GCC_C_LANGUAGE_STANDARD = gnu99;
				GCC_WARN_64_TO_32_BIT_CONVERSION = YES;
				GCC_WARN_ABOUT_RETURN_TYPE = YES_ERROR;
				GCC_WARN_UNDECLARED_SELECTOR = YES;
				GCC_WARN_UNINITIALIZED_AUTOS = YES_AGGRESSIVE;
				GCC_WARN_UNUSED_FUNCTION = YES;
				GCC_WARN_UNUSED_VARIABLE = YES;
				IPHONEOS_DEPLOYMENT_TARGET = 7.1;
				SDKROOT = iphoneos;
				VALIDATE_PRODUCT = YES;
			};
			name = Release;
		};
		F3D22EC919B776E100421516 /* Debug */ = {
			isa = XCBuildConfiguration;
			buildSettings = {
				ASSETCATALOG_COMPILER_APPICON_NAME = AppIcon;
				ASSETCATALOG_COMPILER_LAUNCHIMAGE_NAME = LaunchImage;
				GCC_PRECOMPILE_PREFIX_HEADER = YES;
				GCC_PREFIX_HEADER = "UITableViewControllerChalengeSolution/UITableViewControllerChalengeSolution-Prefix.pch";
				INFOPLIST_FILE = "UITableViewControllerChalengeSolution/UITableViewControllerChalengeSolution-Info.plist";
				PRODUCT_NAME = "$(TARGET_NAME)";
				WRAPPER_EXTENSION = app;
			};
			name = Debug;
		};
		F3D22ECA19B776E100421516 /* Release */ = {
			isa = XCBuildConfiguration;
			buildSettings = {
				ASSETCATALOG_COMPILER_APPICON_NAME = AppIcon;
				ASSETCATALOG_COMPILER_LAUNCHIMAGE_NAME = LaunchImage;
				GCC_PRECOMPILE_PREFIX_HEADER = YES;
				GCC_PREFIX_HEADER = "UITableViewControllerChalengeSolution/UITableViewControllerChalengeSolution-Prefix.pch";
				INFOPLIST_FILE = "UITableViewControllerChalengeSolution/UITableViewControllerChalengeSolution-Info.plist";
				PRODUCT_NAME = "$(TARGET_NAME)";
				WRAPPER_EXTENSION = app;
			};
			name = Release;
		};
		F3D22ECC19B776E100421516 /* Debug */ = {
			isa = XCBuildConfiguration;
			buildSettings = {
				BUNDLE_LOADER = "$(BUILT_PRODUCTS_DIR)/UITableViewControllerChalengeSolution.app/UITableViewControllerChalengeSolution";
				FRAMEWORK_SEARCH_PATHS = (
					"$(SDKROOT)/Developer/Library/Frameworks",
					"$(inherited)",
					"$(DEVELOPER_FRAMEWORKS_DIR)",
				);
				GCC_PRECOMPILE_PREFIX_HEADER = YES;
				GCC_PREFIX_HEADER = "UITableViewControllerChalengeSolution/UITableViewControllerChalengeSolution-Prefix.pch";
				GCC_PREPROCESSOR_DEFINITIONS = (
					"DEBUG=1",
					"$(inherited)",
				);
				INFOPLIST_FILE = "UITableViewControllerChalengeSolutionTests/UITableViewControllerChalengeSolutionTests-Info.plist";
				PRODUCT_NAME = "$(TARGET_NAME)";
				TEST_HOST = "$(BUNDLE_LOADER)";
				WRAPPER_EXTENSION = xctest;
			};
			name = Debug;
		};
		F3D22ECD19B776E100421516 /* Release */ = {
			isa = XCBuildConfiguration;
			buildSettings = {
				BUNDLE_LOADER = "$(BUILT_PRODUCTS_DIR)/UITableViewControllerChalengeSolution.app/UITableViewControllerChalengeSolution";
				FRAMEWORK_SEARCH_PATHS = (
					"$(SDKROOT)/Developer/Library/Frameworks",
					"$(inherited)",
					"$(DEVELOPER_FRAMEWORKS_DIR)",
				);
				GCC_PRECOMPILE_PREFIX_HEADER = YES;
				GCC_PREFIX_HEADER = "UITableViewControllerChalengeSolution/UITableViewControllerChalengeSolution-Prefix.pch";
				INFOPLIST_FILE = "UITableViewControllerChalengeSolutionTests/UITableViewControllerChalengeSolutionTests-Info.plist";
				PRODUCT_NAME = "$(TARGET_NAME)";
				TEST_HOST = "$(BUNDLE_LOADER)";
				WRAPPER_EXTENSION = xctest;
			};
			name = Release;
		};
/* End XCBuildConfiguration section */

/* Begin XCConfigurationList section */
		F3D22E9119B776E100421516 /* Build configuration list for PBXProject "UITableViewControllerChalengeSolution" */ = {
			isa = XCConfigurationList;
			buildConfigurations = (
				F3D22EC619B776E100421516 /* Debug */,
				F3D22EC719B776E100421516 /* Release */,
			);
			defaultConfigurationIsVisible = 0;
			defaultConfigurationName = Release;
		};
		F3D22EC819B776E100421516 /* Build configuration list for PBXNativeTarget "UITableViewControllerChalengeSolution" */ = {
			isa = XCConfigurationList;
			buildConfigurations = (
				F3D22EC919B776E100421516 /* Debug */,
				F3D22ECA19B776E100421516 /* Release */,
			);
			defaultConfigurationIsVisible = 0;
		};
		F3D22ECB19B776E100421516 /* Build configuration list for PBXNativeTarget "UITableViewControllerChalengeSolutionTests" */ = {
			isa = XCConfigurationList;
			buildConfigurations = (
				F3D22ECC19B776E100421516 /* Debug */,
				F3D22ECD19B776E100421516 /* Release */,
			);
			defaultConfigurationIsVisible = 0;
		};
/* End XCConfigurationList section */
	};
	rootObject = F3D22E8E19B776E100421516 /* Project object */;
}
